
Microsoft Visual Studio Solution File, Format Version 12.00
# Visual Studio Version 16
VisualStudioVersion = 16.0.32413.511
MinimumVisualStudioVersion = 10.0.40219.1
Project("{FAE04EC0-301F-11D3-BF4B-00C04F79EFBC}") = "BooleanLogicProgram1", "BooleanLogicProgram1\BooleanLogicProgram1.csproj", "{026612AF-2CBB-4F08-960E-2224CD3AD992}"
EndProject
Global
	GlobalSection(SolutionConfigurationPlatforms) = preSolution
		Debug|Any CPU = Debug|Any CPU
		Release|Any CPU = Release|Any CPU
	EndGlobalSection
	GlobalSection(ProjectConfigurationPlatforms) = postSolution
		{026612AF-2CBB-4F08-960E-2224CD3AD992}.Debug|Any CPU.ActiveCfg = Debug|Any CPU
		{026612AF-2CBB-4F08-960E-2224CD3AD992}.Debug|Any CPU.Build.0 = Debug|Any CPU
		{026612AF-2CBB-4F08-960E-2224CD3AD992}.Release|Any CPU.ActiveCfg = Release|Any CPU
		{026612AF-2CBB-4F08-960E-2224CD3AD992}.Release|Any CPU.Build.0 = Release|Any CPU
	EndGlobalSection
	GlobalSection(SolutionProperties) = preSolution
		HideSolutionNode = FALSE
	EndGlobalSection
	GlobalSection(ExtensibilityGlobals) = postSolution
		SolutionGuid = {204CD253-A0B6-40DC-B49F-C9A9E8D838A0}
	EndGlobalSection
EndGlobal
