
Microsoft Visual Studio Solution File, Format Version 12.00
# Visual Studio Version 16
VisualStudioVersion = 16.0.32413.511
MinimumVisualStudioVersion = 10.0.40219.1
Project("{FAE04EC0-301F-11D3-BF4B-00C04F79EFBC}") = "BooleanLogicSubmissionAssigment", "BooleanLogicSubmissionAssigment\BooleanLogicSubmissionAssigment.csproj", "{8036F175-EEE8-452D-BE1A-BBE6EFADC438}"
EndProject
Global
	GlobalSection(SolutionConfigurationPlatforms) = preSolution
		Debug|Any CPU = Debug|Any CPU
		Release|Any CPU = Release|Any CPU
	EndGlobalSection
	GlobalSection(ProjectConfigurationPlatforms) = postSolution
		{8036F175-EEE8-452D-BE1A-BBE6EFADC438}.Debug|Any CPU.ActiveCfg = Debug|Any CPU
		{8036F175-EEE8-452D-BE1A-BBE6EFADC438}.Debug|Any CPU.Build.0 = Debug|Any CPU
		{8036F175-EEE8-452D-BE1A-BBE6EFADC438}.Release|Any CPU.ActiveCfg = Release|Any CPU
		{8036F175-EEE8-452D-BE1A-BBE6EFADC438}.Release|Any CPU.Build.0 = Release|Any CPU
	EndGlobalSection
	GlobalSection(SolutionProperties) = preSolution
		HideSolutionNode = FALSE
	EndGlobalSection
	GlobalSection(ExtensibilityGlobals) = postSolution
		SolutionGuid = {7FC4C7AF-86EA-4D73-B572-A715549C7136}
	EndGlobalSection
EndGlobal
