
Microsoft Visual Studio Solution File, Format Version 12.00
# Visual Studio Version 16
VisualStudioVersion = 16.0.32413.511
MinimumVisualStudioVersion = 10.0.40219.1
Project("{FAE04EC0-301F-11D3-BF4B-00C04F79EFBC}") = "MethodsAndObjects", "MethodsAndObjects\MethodsAndObjects.csproj", "{29364C00-FCAA-41BF-B149-103D0B3DF69C}"
EndProject
Global
	GlobalSection(SolutionConfigurationPlatforms) = preSolution
		Debug|Any CPU = Debug|Any CPU
		Release|Any CPU = Release|Any CPU
	EndGlobalSection
	GlobalSection(ProjectConfigurationPlatforms) = postSolution
		{29364C00-FCAA-41BF-B149-103D0B3DF69C}.Debug|Any CPU.ActiveCfg = Debug|Any CPU
		{29364C00-FCAA-41BF-B149-103D0B3DF69C}.Debug|Any CPU.Build.0 = Debug|Any CPU
		{29364C00-FCAA-41BF-B149-103D0B3DF69C}.Release|Any CPU.ActiveCfg = Release|Any CPU
		{29364C00-FCAA-41BF-B149-103D0B3DF69C}.Release|Any CPU.Build.0 = Release|Any CPU
	EndGlobalSection
	GlobalSection(SolutionProperties) = preSolution
		HideSolutionNode = FALSE
	EndGlobalSection
	GlobalSection(ExtensibilityGlobals) = postSolution
		SolutionGuid = {2FD419B4-9791-422C-930E-DBE1E3C5475E}
	EndGlobalSection
EndGlobal
