
Microsoft Visual Studio Solution File, Format Version 12.00
# Visual Studio Version 16
VisualStudioVersion = 16.0.32413.511
MinimumVisualStudioVersion = 10.0.40219.1
Project("{FAE04EC0-301F-11D3-BF4B-00C04F79EFBC}") = "MainMethod", "MainMethod\MainMethod.csproj", "{18C3ACD5-2358-4082-A214-47BA0C718D06}"
EndProject
Global
	GlobalSection(SolutionConfigurationPlatforms) = preSolution
		Debug|Any CPU = Debug|Any CPU
		Release|Any CPU = Release|Any CPU
	EndGlobalSection
	GlobalSection(ProjectConfigurationPlatforms) = postSolution
		{18C3ACD5-2358-4082-A214-47BA0C718D06}.Debug|Any CPU.ActiveCfg = Debug|Any CPU
		{18C3ACD5-2358-4082-A214-47BA0C718D06}.Debug|Any CPU.Build.0 = Debug|Any CPU
		{18C3ACD5-2358-4082-A214-47BA0C718D06}.Release|Any CPU.ActiveCfg = Release|Any CPU
		{18C3ACD5-2358-4082-A214-47BA0C718D06}.Release|Any CPU.Build.0 = Release|Any CPU
	EndGlobalSection
	GlobalSection(SolutionProperties) = preSolution
		HideSolutionNode = FALSE
	EndGlobalSection
	GlobalSection(ExtensibilityGlobals) = postSolution
		SolutionGuid = {1DEA86E1-FB4A-4909-9311-7597579E7968}
	EndGlobalSection
EndGlobal
