
Microsoft Visual Studio Solution File, Format Version 12.00
# Visual Studio Version 16
VisualStudioVersion = 16.0.32413.511
MinimumVisualStudioVersion = 10.0.40219.1
Project("{FAE04EC0-301F-11D3-BF4B-00C04F79EFBC}") = "Method", "Method\Method.csproj", "{5EA63A29-C5D2-449E-A346-15BB9E231A58}"
EndProject
Global
	GlobalSection(SolutionConfigurationPlatforms) = preSolution
		Debug|Any CPU = Debug|Any CPU
		Release|Any CPU = Release|Any CPU
	EndGlobalSection
	GlobalSection(ProjectConfigurationPlatforms) = postSolution
		{5EA63A29-C5D2-449E-A346-15BB9E231A58}.Debug|Any CPU.ActiveCfg = Debug|Any CPU
		{5EA63A29-C5D2-449E-A346-15BB9E231A58}.Debug|Any CPU.Build.0 = Debug|Any CPU
		{5EA63A29-C5D2-449E-A346-15BB9E231A58}.Release|Any CPU.ActiveCfg = Release|Any CPU
		{5EA63A29-C5D2-449E-A346-15BB9E231A58}.Release|Any CPU.Build.0 = Release|Any CPU
	EndGlobalSection
	GlobalSection(SolutionProperties) = preSolution
		HideSolutionNode = FALSE
	EndGlobalSection
	GlobalSection(ExtensibilityGlobals) = postSolution
		SolutionGuid = {B183DFF8-A786-4EF5-9EF9-225328303760}
	EndGlobalSection
EndGlobal
