
Microsoft Visual Studio Solution File, Format Version 12.00
# Visual Studio Version 16
VisualStudioVersion = 16.0.32413.511
MinimumVisualStudioVersion = 10.0.40219.1
Project("{FAE04EC0-301F-11D3-BF4B-00C04F79EFBC}") = "Iteration", "Iteration\Iteration.csproj", "{05474CF1-8FB4-4E3F-9967-34D1E92F4DB6}"
EndProject
Global
	GlobalSection(SolutionConfigurationPlatforms) = preSolution
		Debug|Any CPU = Debug|Any CPU
		Release|Any CPU = Release|Any CPU
	EndGlobalSection
	GlobalSection(ProjectConfigurationPlatforms) = postSolution
		{05474CF1-8FB4-4E3F-9967-34D1E92F4DB6}.Debug|Any CPU.ActiveCfg = Debug|Any CPU
		{05474CF1-8FB4-4E3F-9967-34D1E92F4DB6}.Debug|Any CPU.Build.0 = Debug|Any CPU
		{05474CF1-8FB4-4E3F-9967-34D1E92F4DB6}.Release|Any CPU.ActiveCfg = Release|Any CPU
		{05474CF1-8FB4-4E3F-9967-34D1E92F4DB6}.Release|Any CPU.Build.0 = Release|Any CPU
	EndGlobalSection
	GlobalSection(SolutionProperties) = preSolution
		HideSolutionNode = FALSE
	EndGlobalSection
	GlobalSection(ExtensibilityGlobals) = postSolution
		SolutionGuid = {13B885FC-E120-42EB-873C-339502E02306}
	EndGlobalSection
EndGlobal
