
Microsoft Visual Studio Solution File, Format Version 12.00
# Visual Studio Version 16
VisualStudioVersion = 16.0.32413.511
MinimumVisualStudioVersion = 10.0.40219.1
Project("{FAE04EC0-301F-11D3-BF4B-00C04F79EFBC}") = "OperatorsOverloaded", "OperatorsOverloaded\OperatorsOverloaded.csproj", "{D62022FB-BFCB-4BEE-B258-3F8B02CF7063}"
EndProject
Global
	GlobalSection(SolutionConfigurationPlatforms) = preSolution
		Debug|Any CPU = Debug|Any CPU
		Release|Any CPU = Release|Any CPU
	EndGlobalSection
	GlobalSection(ProjectConfigurationPlatforms) = postSolution
		{D62022FB-BFCB-4BEE-B258-3F8B02CF7063}.Debug|Any CPU.ActiveCfg = Debug|Any CPU
		{D62022FB-BFCB-4BEE-B258-3F8B02CF7063}.Debug|Any CPU.Build.0 = Debug|Any CPU
		{D62022FB-BFCB-4BEE-B258-3F8B02CF7063}.Release|Any CPU.ActiveCfg = Release|Any CPU
		{D62022FB-BFCB-4BEE-B258-3F8B02CF7063}.Release|Any CPU.Build.0 = Release|Any CPU
	EndGlobalSection
	GlobalSection(SolutionProperties) = preSolution
		HideSolutionNode = FALSE
	EndGlobalSection
	GlobalSection(ExtensibilityGlobals) = postSolution
		SolutionGuid = {0D73CBFE-79C5-4920-80C6-39D2FB7F4B88}
	EndGlobalSection
EndGlobal
