
Microsoft Visual Studio Solution File, Format Version 12.00
# Visual Studio Version 16
VisualStudioVersion = 16.0.32413.511
MinimumVisualStudioVersion = 10.0.40219.1
Project("{FAE04EC0-301F-11D3-BF4B-00C04F79EFBC}") = "StructChallenge", "StructChallenge\StructChallenge.csproj", "{36FD1462-A47C-4880-9A71-8E207066A804}"
EndProject
Global
	GlobalSection(SolutionConfigurationPlatforms) = preSolution
		Debug|Any CPU = Debug|Any CPU
		Release|Any CPU = Release|Any CPU
	EndGlobalSection
	GlobalSection(ProjectConfigurationPlatforms) = postSolution
		{36FD1462-A47C-4880-9A71-8E207066A804}.Debug|Any CPU.ActiveCfg = Debug|Any CPU
		{36FD1462-A47C-4880-9A71-8E207066A804}.Debug|Any CPU.Build.0 = Debug|Any CPU
		{36FD1462-A47C-4880-9A71-8E207066A804}.Release|Any CPU.ActiveCfg = Release|Any CPU
		{36FD1462-A47C-4880-9A71-8E207066A804}.Release|Any CPU.Build.0 = Release|Any CPU
	EndGlobalSection
	GlobalSection(SolutionProperties) = preSolution
		HideSolutionNode = FALSE
	EndGlobalSection
	GlobalSection(ExtensibilityGlobals) = postSolution
		SolutionGuid = {E99F61B8-AA3C-480D-BB69-DFDF7EA3A2D1}
	EndGlobalSection
EndGlobal
